<?xml version="1.0" encoding="utf-8"?>
<Project ToolsVersion="4.0" xmlns="http://schemas.microsoft.com/developer/msbuild/2003">
  <ItemGroup>
    <Filter Include="소스 파일">
      <UniqueIdentifier>{4FC737F1-C7A5-4376-A066-2A32D752A2FF}</UniqueIdentifier>
      <Extensions>cpp;c;cc;cxx;c++;def;odl;idl;hpj;bat;asm;asmx</Extensions>
    </Filter>
    <Filter Include="헤더 파일">
      <UniqueIdentifier>{93995380-89BD-4b04-88EB-625FBE52EBFB}</UniqueIdentifier>
      <Extensions>h;hh;hpp;hxx;h++;hm;inl;inc;ipp;xsd</Extensions>
    </Filter>
    <Filter Include="리소스 파일">
      <UniqueIdentifier>{67DA6AB6-F800-4c08-8B7A-83BB121AAD01}</UniqueIdentifier>
      <Extensions>rc;ico;cur;bmp;dlg;rc2;rct;bin;rgs;gif;jpg;jpeg;jpe;resx;tiff;tif;png;wav;mfcribbon-ms</Extensions>
    </Filter>
  </ItemGroup>
  <ItemGroup>
    <ClInclude Include="MrJackInLondon.h">
      <Filter>헤더 파일</Filter>
    </ClInclude>
    <ClInclude Include="MrJackInLondonDlg.h">
      <Filter>헤더 파일</Filter>
    </ClInclude>
    <ClInclude Include="framework.h">
      <Filter>헤더 파일</Filter>
    </ClInclude>
    <ClInclude Include="targetver.h">
      <Filter>헤더 파일</Filter>
    </ClInclude>
    <ClInclude Include="Resource.h">
      <Filter>헤더 파일</Filter>
    </ClInclude>
    <ClInclude Include="pch.h">
      <Filter>헤더 파일</Filter>
    </ClInclude>
    <ClInclude Include="MrJackInLondonInGame.h">
      <Filter>헤더 파일</Filter>
    </ClInclude>
    <ClInclude Include="Tile.h">
      <Filter>헤더 파일</Filter>
    </ClInclude>
    <ClInclude Include="MrJackInLondonSetting.h">
      <Filter>헤더 파일</Filter>
    </ClInclude>
    <ClInclude Include="Character.h">
      <Filter>헤더 파일</Filter>
    </ClInclude>
    <ClInclude Include="MrJackInLondonHTP.h">
      <Filter>헤더 파일</Filter>
    </ClInclude>
    <ClInclude Include="CShelock.h">
      <Filter>헤더 파일</Filter>
    </ClInclude>
    <ClInclude Include="CWatson.h">
      <Filter>헤더 파일</Filter>
    </ClInclude>
    <ClInclude Include="CSmith.h">
      <Filter>헤더 파일</Filter>
    </ClInclude>
    <ClInclude Include="CLestrade.h">
      <Filter>헤더 파일</Filter>
    </ClInclude>
    <ClInclude Include="CStealthy.h">
      <Filter>헤더 파일</Filter>
    </ClInclude>
    <ClInclude Include="CGoodley.h">
      <Filter>헤더 파일</Filter>
    </ClInclude>
    <ClInclude Include="CWilliam.h">
      <Filter>헤더 파일</Filter>
    </ClInclude>
    <ClInclude Include="CJeremy.h">
      <Filter>헤더 파일</Filter>
    </ClInclude>
    <ClInclude Include="CMrJackInLondonMatch.h">
      <Filter>헤더 파일</Filter>
    </ClInclude>
    <ClInclude Include="Client.h">
      <Filter>헤더 파일</Filter>
    </ClInclude>
  </ItemGroup>
  <ItemGroup>
    <ClCompile Include="MrJackInLondon.cpp">
      <Filter>소스 파일</Filter>
    </ClCompile>
    <ClCompile Include="MrJackInLondonDlg.cpp">
      <Filter>소스 파일</Filter>
    </ClCompile>
    <ClCompile Include="pch.cpp">
      <Filter>소스 파일</Filter>
    </ClCompile>
    <ClCompile Include="MrJackInLondonInGame.cpp">
      <Filter>소스 파일</Filter>
    </ClCompile>
    <ClCompile Include="Tile.cpp">
      <Filter>소스 파일</Filter>
    </ClCompile>
    <ClCompile Include="MrJackInLondonSetting.cpp">
      <Filter>소스 파일</Filter>
    </ClCompile>
    <ClCompile Include="Character.cpp">
      <Filter>소스 파일</Filter>
    </ClCompile>
    <ClCompile Include="MrJackInLondonRule.cpp">
      <Filter>소스 파일</Filter>
    </ClCompile>
    <ClCompile Include="CShelock.cpp">
      <Filter>소스 파일</Filter>
    </ClCompile>
    <ClCompile Include="CWatson.cpp">
      <Filter>소스 파일</Filter>
    </ClCompile>
    <ClCompile Include="CSmith.cpp">
      <Filter>소스 파일</Filter>
    </ClCompile>
    <ClCompile Include="CLestrade.cpp">
      <Filter>소스 파일</Filter>
    </ClCompile>
    <ClCompile Include="CStealthy.cpp">
      <Filter>소스 파일</Filter>
    </ClCompile>
    <ClCompile Include="CGoodley.cpp">
      <Filter>소스 파일</Filter>
    </ClCompile>
    <ClCompile Include="CWilliam.cpp">
      <Filter>소스 파일</Filter>
    </ClCompile>
    <ClCompile Include="CJeremy.cpp">
      <Filter>소스 파일</Filter>
    </ClCompile>
    <ClCompile Include="CMrJackInLondonMatch.cpp">
      <Filter>소스 파일</Filter>
    </ClCompile>
    <ClCompile Include="Client.cpp">
      <Filter>소스 파일</Filter>
    </ClCompile>
  </ItemGroup>
  <ItemGroup>
    <ResourceCompile Include="MrJackInLondon.rc">
      <Filter>리소스 파일</Filter>
    </ResourceCompile>
  </ItemGroup>
  <ItemGroup>
    <None Include="res\MrJackInLondon.rc2">
      <Filter>리소스 파일</Filter>
    </None>
  </ItemGroup>
  <ItemGroup>
    <Image Include="res\MrJackInLondon.ico">
      <Filter>리소스 파일</Filter>
    </Image>
    <Image Include="Mr.jackIcon.ico">
      <Filter>리소스 파일</Filter>
    </Image>
    <Image Include="..\Mr.Jack\기타이미지\게임보드판.jpg">
      <Filter>리소스 파일</Filter>
    </Image>
    <Image Include="..\Mr.Jack\Boardpan.bmp">
      <Filter>리소스 파일</Filter>
    </Image>
    <Image Include="~\Mr.Jack\Boardpan.bmp">
      <Filter>리소스 파일</Filter>
    </Image>
    <Image Include="Boardpan.bmp">
      <Filter>리소스 파일</Filter>
    </Image>
    <Image Include="bitmap1.bmp">
      <Filter>리소스 파일</Filter>
    </Image>
    <Image Include="GamePlayButtonDefault.png">
      <Filter>리소스 파일</Filter>
    </Image>
    <Image Include="GamePlayButtonOn.png">
      <Filter>리소스 파일</Filter>
    </Image>
    <Image Include="GameRuleButtonDefault.png">
      <Filter>리소스 파일</Filter>
    </Image>
    <Image Include="GameRuleButtonOn.png">
      <Filter>리소스 파일</Filter>
    </Image>
    <Image Include="GamePlayButtonDefault.bmp">
      <Filter>리소스 파일</Filter>
    </Image>
    <Image Include="GamePlayButtonOn.bmp">
      <Filter>리소스 파일</Filter>
    </Image>
    <Image Include="GameRuleButtonDefault.bmp">
      <Filter>리소스 파일</Filter>
    </Image>
    <Image Include="GameRuleButtonOn.bmp">
      <Filter>리소스 파일</Filter>
    </Image>
    <Image Include="..\..\..\KakaoTalk_20201110_153734974.bmp">
      <Filter>리소스 파일</Filter>
    </Image>
    <Image Include="..\..\..\KakaoTalk_20201110_153847756.bmp">
      <Filter>리소스 파일</Filter>
    </Image>
    <Image Include="..\..\..\..\문서\카카오톡 받은 파일\KakaoTalk_20201115_190406755_02.bmp">
      <Filter>리소스 파일</Filter>
    </Image>
    <Image Include="..\..\..\TurnEndButtonDefault.bmp">
      <Filter>리소스 파일</Filter>
    </Image>
    <Image Include="..\..\..\TurnEndButtonOn.bmp">
      <Filter>리소스 파일</Filter>
    </Image>
    <Image Include="SettingButtonDefault.bmp">
      <Filter>리소스 파일</Filter>
    </Image>
    <Image Include="SettingButtonOn.bmp">
      <Filter>리소스 파일</Filter>
    </Image>
    <Image Include="ButtonSettingDefault.bmp">
      <Filter>리소스 파일</Filter>
    </Image>
    <Image Include="ButtonSettingOn.bmp">
      <Filter>리소스 파일</Filter>
    </Image>
    <Image Include="ButtonTrunEndOn.bmp">
      <Filter>리소스 파일</Filter>
    </Image>
    <Image Include="ButtonTurnEndDefault.bmp">
      <Filter>리소스 파일</Filter>
    </Image>
    <Image Include="..\Mr.JackImage\캐릭터 말\Stealthy-suspicious.bmp">
      <Filter>리소스 파일</Filter>
    </Image>
    <Image Include="..\Mr.JackImage\캐릭터 말\Stealthy-innocent.bmp">
      <Filter>리소스 파일</Filter>
    </Image>
    <Image Include="..\Mr.JackImage\가로등, 맨홀, 검문소\SL_example2.bmp">
      <Filter>리소스 파일</Filter>
    </Image>
    <Image Include="..\mr.jackimage\캐릭터 말\bitmap1.bmp">
      <Filter>리소스 파일</Filter>
    </Image>
    <Image Include="..\Mr.JackImage\가로등, 맨홀, 검문소\SL_example.bmp">
      <Filter>리소스 파일</Filter>
    </Image>
    <Image Include="res\Mr.jackIcon.ico">
      <Filter>리소스 파일</Filter>
    </Image>
    <Image Include="res\Boardpan.bmp">
      <Filter>리소스 파일</Filter>
    </Image>
    <Image Include="res\GamePlayButtonDefault.bmp">
      <Filter>리소스 파일</Filter>
    </Image>
    <Image Include="res\GamePlayButtonOn.bmp">
      <Filter>리소스 파일</Filter>
    </Image>
    <Image Include="res\GameRuleButtonDefault.bmp">
      <Filter>리소스 파일</Filter>
    </Image>
    <Image Include="res\GameRuleButtonOn.bmp">
      <Filter>리소스 파일</Filter>
    </Image>
    <Image Include="res\ButtonSettingDefault.bmp">
      <Filter>리소스 파일</Filter>
    </Image>
    <Image Include="res\ButtonSettingOn.bmp">
      <Filter>리소스 파일</Filter>
    </Image>
    <Image Include="res\ButtonTrunEndOn.bmp">
      <Filter>리소스 파일</Filter>
    </Image>
    <Image Include="res\ButtonTurnEndDefault.bmp">
      <Filter>리소스 파일</Filter>
    </Image>
    <Image Include="res\Stealthy-suspicious.bmp">
      <Filter>리소스 파일</Filter>
    </Image>
    <Image Include="res\Stealthy-innocent.bmp">
      <Filter>리소스 파일</Filter>
    </Image>
    <Image Include="res\SL_example2.bmp">
      <Filter>리소스 파일</Filter>
    </Image>
    <Image Include="res\SL_example.bmp">
      <Filter>리소스 파일</Filter>
    </Image>
    <Image Include="res\InGameRuleButtonOn.bmp">
      <Filter>리소스 파일</Filter>
    </Image>
    <Image Include="res\InGameRuleButtonDefault.bmp">
      <Filter>리소스 파일</Filter>
    </Image>
    <Image Include="res\StreetLamp1.png">
      <Filter>리소스 파일</Filter>
    </Image>
  </ItemGroup>
</Project>